
Microsoft Visual Studio Solution File, Format Version 12.00
# Visual Studio Version 16
VisualStudioVersion = 16.0.28803.156
MinimumVisualStudioVersion = 10.0.40219.1
Project("{F2A71F9B-5D33-465A-A702-920D77279786}") = "LearningFSharp", "LearningFSharp\LearningFSharp.fsproj", "{C82A411E-1DCB-4612-AD25-8FF19949FC5B}"
EndProject
Global
	GlobalSection(SolutionConfigurationPlatforms) = preSolution
		Debug|Any CPU = Debug|Any CPU
		Release|Any CPU = Release|Any CPU
	EndGlobalSection
	GlobalSection(ProjectConfigurationPlatforms) = postSolution
		{C82A411E-1DCB-4612-AD25-8FF19949FC5B}.Debug|Any CPU.ActiveCfg = Debug|Any CPU
		{C82A411E-1DCB-4612-AD25-8FF19949FC5B}.Debug|Any CPU.Build.0 = Debug|Any CPU
		{C82A411E-1DCB-4612-AD25-8FF19949FC5B}.Release|Any CPU.ActiveCfg = Release|Any CPU
		{C82A411E-1DCB-4612-AD25-8FF19949FC5B}.Release|Any CPU.Build.0 = Release|Any CPU
	EndGlobalSection
	GlobalSection(SolutionProperties) = preSolution
		HideSolutionNode = FALSE
	EndGlobalSection
	GlobalSection(ExtensibilityGlobals) = postSolution
		SolutionGuid = {5D1C4A15-A29F-4A3C-87D4-D85E6A59052C}
	EndGlobalSection
EndGlobal
